
Microsoft Visual Studio Solution File, Format Version 12.00
# Visual Studio Version 17
VisualStudioVersion = 17.0.31903.59
MinimumVisualStudioVersion = 10.0.40219.1
Project("{2150E333-8FDC-42A3-9474-1A3956D46DE8}") = "src", "src", "{827E0CD3-B72D-47B6-A68D-7590B98EB39B}"
EndProject
Project("{FAE04EC0-301F-11D3-BF4B-00C04F79EFBC}") = "WindowsMcp.Abstractions", "src\WindowsMcp.Abstractions\WindowsMcp.Abstractions.csproj", "{A69B5208-7B80-4E96-A05D-12FB411A5028}"
EndProject
Project("{FAE04EC0-301F-11D3-BF4B-00C04F79EFBC}") = "WindowsMcp", "src\WindowsMcp\WindowsMcp.csproj", "{2E5ACFE2-81D7-4780-9619-08F4737B7282}"
EndProject
Project("{2150E333-8FDC-42A3-9474-1A3956D46DE8}") = "tests", "tests", "{0AB3BF05-4346-4AA6-1389-037BE0695223}"
EndProject
Project("{FAE04EC0-301F-11D3-BF4B-00C04F79EFBC}") = "WindowsMcp.Tests", "tests\WindowsMcp.Tests\WindowsMcp.Tests.csproj", "{8204BB00-DD0A-4E47-911E-EB4D4259A9D7}"
EndProject
Global
	GlobalSection(SolutionConfigurationPlatforms) = preSolution
		Debug|Any CPU = Debug|Any CPU
		Debug|x64 = Debug|x64
		Debug|x86 = Debug|x86
		Release|Any CPU = Release|Any CPU
		Release|x64 = Release|x64
		Release|x86 = Release|x86
	EndGlobalSection
	GlobalSection(ProjectConfigurationPlatforms) = postSolution
		{A69B5208-7B80-4E96-A05D-12FB411A5028}.Debug|Any CPU.ActiveCfg = Debug|Any CPU
		{A69B5208-7B80-4E96-A05D-12FB411A5028}.Debug|Any CPU.Build.0 = Debug|Any CPU
		{A69B5208-7B80-4E96-A05D-12FB411A5028}.Debug|x64.ActiveCfg = Debug|Any CPU
		{A69B5208-7B80-4E96-A05D-12FB411A5028}.Debug|x64.Build.0 = Debug|Any CPU
		{A69B5208-7B80-4E96-A05D-12FB411A5028}.Debug|x86.ActiveCfg = Debug|Any CPU
		{A69B5208-7B80-4E96-A05D-12FB411A5028}.Debug|x86.Build.0 = Debug|Any CPU
		{A69B5208-7B80-4E96-A05D-12FB411A5028}.Release|Any CPU.ActiveCfg = Release|Any CPU
		{A69B5208-7B80-4E96-A05D-12FB411A5028}.Release|Any CPU.Build.0 = Release|Any CPU
		{A69B5208-7B80-4E96-A05D-12FB411A5028}.Release|x64.ActiveCfg = Release|Any CPU
		{A69B5208-7B80-4E96-A05D-12FB411A5028}.Release|x64.Build.0 = Release|Any CPU
		{A69B5208-7B80-4E96-A05D-12FB411A5028}.Release|x86.ActiveCfg = Release|Any CPU
		{A69B5208-7B80-4E96-A05D-12FB411A5028}.Release|x86.Build.0 = Release|Any CPU
		{2E5ACFE2-81D7-4780-9619-08F4737B7282}.Debug|Any CPU.ActiveCfg = Debug|Any CPU
		{2E5ACFE2-81D7-4780-9619-08F4737B7282}.Debug|Any CPU.Build.0 = Debug|Any CPU
		{2E5ACFE2-81D7-4780-9619-08F4737B7282}.Debug|x64.ActiveCfg = Debug|Any CPU
		{2E5ACFE2-81D7-4780-9619-08F4737B7282}.Debug|x64.Build.0 = Debug|Any CPU
		{2E5ACFE2-81D7-4780-9619-08F4737B7282}.Debug|x86.ActiveCfg = Debug|Any CPU
		{2E5ACFE2-81D7-4780-9619-08F4737B7282}.Debug|x86.Build.0 = Debug|Any CPU
		{2E5ACFE2-81D7-4780-9619-08F4737B7282}.Release|Any CPU.ActiveCfg = Release|Any CPU
		{2E5ACFE2-81D7-4780-9619-08F4737B7282}.Release|Any CPU.Build.0 = Release|Any CPU
		{2E5ACFE2-81D7-4780-9619-08F4737B7282}.Release|x64.ActiveCfg = Release|Any CPU
		{2E5ACFE2-81D7-4780-9619-08F4737B7282}.Release|x64.Build.0 = Release|Any CPU
		{2E5ACFE2-81D7-4780-9619-08F4737B7282}.Release|x86.ActiveCfg = Release|Any CPU
		{2E5ACFE2-81D7-4780-9619-08F4737B7282}.Release|x86.Build.0 = Release|Any CPU
		{8204BB00-DD0A-4E47-911E-EB4D4259A9D7}.Debug|Any CPU.ActiveCfg = Debug|Any CPU
		{8204BB00-DD0A-4E47-911E-EB4D4259A9D7}.Debug|Any CPU.Build.0 = Debug|Any CPU
		{8204BB00-DD0A-4E47-911E-EB4D4259A9D7}.Debug|x64.ActiveCfg = Debug|Any CPU
		{8204BB00-DD0A-4E47-911E-EB4D4259A9D7}.Debug|x64.Build.0 = Debug|Any CPU
		{8204BB00-DD0A-4E47-911E-EB4D4259A9D7}.Debug|x86.ActiveCfg = Debug|Any CPU
		{8204BB00-DD0A-4E47-911E-EB4D4259A9D7}.Debug|x86.Build.0 = Debug|Any CPU
		{8204BB00-DD0A-4E47-911E-EB4D4259A9D7}.Release|Any CPU.ActiveCfg = Release|Any CPU
		{8204BB00-DD0A-4E47-911E-EB4D4259A9D7}.Release|Any CPU.Build.0 = Release|Any CPU
		{8204BB00-DD0A-4E47-911E-EB4D4259A9D7}.Release|x64.ActiveCfg = Release|Any CPU
		{8204BB00-DD0A-4E47-911E-EB4D4259A9D7}.Release|x64.Build.0 = Release|Any CPU
		{8204BB00-DD0A-4E47-911E-EB4D4259A9D7}.Release|x86.ActiveCfg = Release|Any CPU
		{8204BB00-DD0A-4E47-911E-EB4D4259A9D7}.Release|x86.Build.0 = Release|Any CPU
	EndGlobalSection
	GlobalSection(SolutionProperties) = preSolution
		HideSolutionNode = FALSE
	EndGlobalSection
	GlobalSection(NestedProjects) = preSolution
		{A69B5208-7B80-4E96-A05D-12FB411A5028} = {827E0CD3-B72D-47B6-A68D-7590B98EB39B}
		{2E5ACFE2-81D7-4780-9619-08F4737B7282} = {827E0CD3-B72D-47B6-A68D-7590B98EB39B}
		{8204BB00-DD0A-4E47-911E-EB4D4259A9D7} = {0AB3BF05-4346-4AA6-1389-037BE0695223}
	EndGlobalSection
EndGlobal
